
Microsoft Visual Studio Solution File, Format Version 12.00
# Visual Studio Version 16
VisualStudioVersion = 16.0.30114.105
MinimumVisualStudioVersion = 10.0.40219.1
Project("{FAE04EC0-301F-11D3-BF4B-00C04F79EFBC}") = "FlightControlWeb", "FlightControlWeb\FlightControlWeb.csproj", "{580B7F88-762F-4352-9F32-0783D63D6071}"
EndProject
Project("{FAE04EC0-301F-11D3-BF4B-00C04F79EFBC}") = "FlightControlTest", "FlightControlTest\FlightControlTest.csproj", "{D8A67477-4BDA-433A-AC12-0F9A1A3FA585}"
EndProject
Global
	GlobalSection(SolutionConfigurationPlatforms) = preSolution
		Debug|Any CPU = Debug|Any CPU
		Release|Any CPU = Release|Any CPU
	EndGlobalSection
	GlobalSection(ProjectConfigurationPlatforms) = postSolution
		{580B7F88-762F-4352-9F32-0783D63D6071}.Debug|Any CPU.ActiveCfg = Debug|Any CPU
		{580B7F88-762F-4352-9F32-0783D63D6071}.Debug|Any CPU.Build.0 = Debug|Any CPU
		{580B7F88-762F-4352-9F32-0783D63D6071}.Release|Any CPU.ActiveCfg = Release|Any CPU
		{580B7F88-762F-4352-9F32-0783D63D6071}.Release|Any CPU.Build.0 = Release|Any CPU
		{D8A67477-4BDA-433A-AC12-0F9A1A3FA585}.Debug|Any CPU.ActiveCfg = Debug|Any CPU
		{D8A67477-4BDA-433A-AC12-0F9A1A3FA585}.Debug|Any CPU.Build.0 = Debug|Any CPU
		{D8A67477-4BDA-433A-AC12-0F9A1A3FA585}.Release|Any CPU.ActiveCfg = Release|Any CPU
		{D8A67477-4BDA-433A-AC12-0F9A1A3FA585}.Release|Any CPU.Build.0 = Release|Any CPU
	EndGlobalSection
	GlobalSection(SolutionProperties) = preSolution
		HideSolutionNode = FALSE
	EndGlobalSection
	GlobalSection(ExtensibilityGlobals) = postSolution
		SolutionGuid = {45CCED76-7182-4B9C-A452-88EE7DF78D93}
	EndGlobalSection
EndGlobal
